
Microsoft Visual Studio Solution File, Format Version 12.00
# Visual Studio Version 17
VisualStudioVersion = 17.2.32616.157
MinimumVisualStudioVersion = 10.0.40219.1
Project("{FAE04EC0-301F-11D3-BF4B-00C04F79EFBC}") = "WebDriverProekt", "WebDriverProekt\WebDriverProekt.csproj", "{A2D9AFF3-5626-48B3-8834-AA0971AE82C2}"
EndProject
Project("{FAE04EC0-301F-11D3-BF4B-00C04F79EFBC}") = "WebDriverProjectTest", "WebDriverProjectTest\WebDriverProjectTest.csproj", "{B4D2033C-251A-4153-AF23-48F086D8F92F}"
EndProject
Global
	GlobalSection(SolutionConfigurationPlatforms) = preSolution
		Debug|Any CPU = Debug|Any CPU
		Release|Any CPU = Release|Any CPU
	EndGlobalSection
	GlobalSection(ProjectConfigurationPlatforms) = postSolution
		{A2D9AFF3-5626-48B3-8834-AA0971AE82C2}.Debug|Any CPU.ActiveCfg = Debug|Any CPU
		{A2D9AFF3-5626-48B3-8834-AA0971AE82C2}.Debug|Any CPU.Build.0 = Debug|Any CPU
		{A2D9AFF3-5626-48B3-8834-AA0971AE82C2}.Release|Any CPU.ActiveCfg = Release|Any CPU
		{A2D9AFF3-5626-48B3-8834-AA0971AE82C2}.Release|Any CPU.Build.0 = Release|Any CPU
		{B4D2033C-251A-4153-AF23-48F086D8F92F}.Debug|Any CPU.ActiveCfg = Debug|Any CPU
		{B4D2033C-251A-4153-AF23-48F086D8F92F}.Debug|Any CPU.Build.0 = Debug|Any CPU
		{B4D2033C-251A-4153-AF23-48F086D8F92F}.Release|Any CPU.ActiveCfg = Release|Any CPU
		{B4D2033C-251A-4153-AF23-48F086D8F92F}.Release|Any CPU.Build.0 = Release|Any CPU
	EndGlobalSection
	GlobalSection(SolutionProperties) = preSolution
		HideSolutionNode = FALSE
	EndGlobalSection
	GlobalSection(ExtensibilityGlobals) = postSolution
		SolutionGuid = {45B177E7-E3FB-4452-984E-B612583292BE}
	EndGlobalSection
EndGlobal
